// !$*UTF8*$!
{
	archiveVersion = 1;
	classes = {
	};
	objectVersion = 56;
	objects = {

/* Begin PBXBuildFile section */
		9D6385E92B23815200F8E288 /* SettingTableView.swift in Sources */ = {isa = PBXBuildFile; fileRef = 9D6385E82B23815200F8E288 /* SettingTableView.swift */; };
		9D68D14C2B24A35000DEB578 /* WeatherDataModel.xcdatamodeld in Sources */ = {isa = PBXBuildFile; fileRef = 9D68D14A2B24A35000DEB578 /* WeatherDataModel.xcdatamodeld */; };
		9D68D14E2B24A37A00DEB578 /* WeatherData.swift in Sources */ = {isa = PBXBuildFile; fileRef = 9D68D14D2B24A37A00DEB578 /* WeatherData.swift */; };
		9D68D1502B24A6D800DEB578 /* MyWeather.swift in Sources */ = {isa = PBXBuildFile; fileRef = 9D68D14F2B24A6D800DEB578 /* MyWeather.swift */; };
		9D6D77812B248786003579BB /* CollectionViewSetting.swift in Sources */ = {isa = PBXBuildFile; fileRef = 9D6D77802B248786003579BB /* CollectionViewSetting.swift */; };
		9D74C6712B21CFA800265520 /* AppDelegate.swift in Sources */ = {isa = PBXBuildFile; fileRef = 9D74C6702B21CFA800265520 /* AppDelegate.swift */; };
		9D74C6732B21CFA800265520 /* SceneDelegate.swift in Sources */ = {isa = PBXBuildFile; fileRef = 9D74C6722B21CFA800265520 /* SceneDelegate.swift */; };
		9D74C6752B21CFA800265520 /* ViewController.swift in Sources */ = {isa = PBXBuildFile; fileRef = 9D74C6742B21CFA800265520 /* ViewController.swift */; };
		9D74C67A2B21CFAA00265520 /* Assets.xcassets in Resources */ = {isa = PBXBuildFile; fileRef = 9D74C6792B21CFAA00265520 /* Assets.xcassets */; };
		9D74C67D2B21CFAA00265520 /* LaunchScreen.storyboard in Resources */ = {isa = PBXBuildFile; fileRef = 9D74C67B2B21CFAA00265520 /* LaunchScreen.storyboard */; };
		9D74C6862B21D86A00265520 /* NetworkManager.swift in Sources */ = {isa = PBXBuildFile; fileRef = 9D74C6852B21D86A00265520 /* NetworkManager.swift */; };
		9D74C6892B21D9CA00265520 /* OfferModel.swift in Sources */ = {isa = PBXBuildFile; fileRef = 9D74C6882B21D9CA00265520 /* OfferModel.swift */; };
		9D74C68B2B21DA5500265520 /* ListOfferModel.swift in Sources */ = {isa = PBXBuildFile; fileRef = 9D74C68A2B21DA5500265520 /* ListOfferModel.swift */; };
		9D74C68D2B21DAA800265520 /* MainOfferModel.swift in Sources */ = {isa = PBXBuildFile; fileRef = 9D74C68C2B21DAA800265520 /* MainOfferModel.swift */; };
		9D74C6902B21E6A400265520 /* CityModel.swift in Sources */ = {isa = PBXBuildFile; fileRef = 9D74C68F2B21E6A400265520 /* CityModel.swift */; };
		9D797C9C2B24F61200831240 /* Reachability.swift in Sources */ = {isa = PBXBuildFile; fileRef = 9D797C9B2B24F61200831240 /* Reachability.swift */; };
		9DC381B02B238D45006CC2E5 /* WindOfferModel.swift in Sources */ = {isa = PBXBuildFile; fileRef = 9DC381AF2B238D45006CC2E5 /* WindOfferModel.swift */; };
		9DC381B22B238E3B006CC2E5 /* WeatherOfferModel.swift in Sources */ = {isa = PBXBuildFile; fileRef = 9DC381B12B238E3B006CC2E5 /* WeatherOfferModel.swift */; };
		9DC381B42B2391BE006CC2E5 /* WeatherIconMapping.swift in Sources */ = {isa = PBXBuildFile; fileRef = 9DC381B32B2391BE006CC2E5 /* WeatherIconMapping.swift */; };
		9DCD888D2B25EC89005A779A /* ShowInternetConnection.swift in Sources */ = {isa = PBXBuildFile; fileRef = 9DCD888C2B25EC89005A779A /* ShowInternetConnection.swift */; };
		9DCD88972B260F7A005A779A /* WeatherForLocation.swift in Sources */ = {isa = PBXBuildFile; fileRef = 9DCD88962B260F7A005A779A /* WeatherForLocation.swift */; };
		F72AAFDB1410C60611362396 /* Pods_WeatherApp_Test.framework in Frameworks */ = {isa = PBXBuildFile; fileRef = 9995943411CD2F1CCDA77CCA /* Pods_WeatherApp_Test.framework */; };
/* End PBXBuildFile section */

/* Begin PBXFileReference section */
		2BC1C9C422DACE35FBC1BB9A /* Pods-WeatherApp_Test.debug.xcconfig */ = {isa = PBXFileReference; includeInIndex = 1; lastKnownFileType = text.xcconfig; name = "Pods-WeatherApp_Test.debug.xcconfig"; path = "Target Support Files/Pods-WeatherApp_Test/Pods-WeatherApp_Test.debug.xcconfig"; sourceTree = "<group>"; };
		546A34FC16242E8CE1F35CFA /* Pods-WeatherApp_Test.release.xcconfig */ = {isa = PBXFileReference; includeInIndex = 1; lastKnownFileType = text.xcconfig; name = "Pods-WeatherApp_Test.release.xcconfig"; path = "Target Support Files/Pods-WeatherApp_Test/Pods-WeatherApp_Test.release.xcconfig"; sourceTree = "<group>"; };
		9995943411CD2F1CCDA77CCA /* Pods_WeatherApp_Test.framework */ = {isa = PBXFileReference; explicitFileType = wrapper.framework; includeInIndex = 0; path = Pods_WeatherApp_Test.framework; sourceTree = BUILT_PRODUCTS_DIR; };
		9D6385E82B23815200F8E288 /* SettingTableView.swift */ = {isa = PBXFileReference; lastKnownFileType = sourcecode.swift; path = SettingTableView.swift; sourceTree = "<group>"; };
		9D68D14B2B24A35000DEB578 /* WeatherDataModel.xcdatamodel */ = {isa = PBXFileReference; lastKnownFileType = wrapper.xcdatamodel; path = WeatherDataModel.xcdatamodel; sourceTree = "<group>"; };
		9D68D14D2B24A37A00DEB578 /* WeatherData.swift */ = {isa = PBXFileReference; lastKnownFileType = sourcecode.swift; path = WeatherData.swift; sourceTree = "<group>"; };
		9D68D14F2B24A6D800DEB578 /* MyWeather.swift */ = {isa = PBXFileReference; lastKnownFileType = sourcecode.swift; path = MyWeather.swift; sourceTree = "<group>"; };
		9D6D77802B248786003579BB /* CollectionViewSetting.swift */ = {isa = PBXFileReference; lastKnownFileType = sourcecode.swift; path = CollectionViewSetting.swift; sourceTree = "<group>"; };
		9D74C66D2B21CFA800265520 /* WeatherApp_Test.app */ = {isa = PBXFileReference; explicitFileType = wrapper.application; includeInIndex = 0; path = WeatherApp_Test.app; sourceTree = BUILT_PRODUCTS_DIR; };
		9D74C6702B21CFA800265520 /* AppDelegate.swift */ = {isa = PBXFileReference; lastKnownFileType = sourcecode.swift; path = AppDelegate.swift; sourceTree = "<group>"; };
		9D74C6722B21CFA800265520 /* SceneDelegate.swift */ = {isa = PBXFileReference; lastKnownFileType = sourcecode.swift; path = SceneDelegate.swift; sourceTree = "<group>"; };
		9D74C6742B21CFA800265520 /* ViewController.swift */ = {isa = PBXFileReference; lastKnownFileType = sourcecode.swift; path = ViewController.swift; sourceTree = "<group>"; };
		9D74C6792B21CFAA00265520 /* Assets.xcassets */ = {isa = PBXFileReference; lastKnownFileType = folder.assetcatalog; path = Assets.xcassets; sourceTree = "<group>"; };
		9D74C67C2B21CFAA00265520 /* Base */ = {isa = PBXFileReference; lastKnownFileType = file.storyboard; name = Base; path = Base.lproj/LaunchScreen.storyboard; sourceTree = "<group>"; };
		9D74C67E2B21CFAA00265520 /* Info.plist */ = {isa = PBXFileReference; lastKnownFileType = text.plist.xml; path = Info.plist; sourceTree = "<group>"; };
		9D74C6852B21D86A00265520 /* NetworkManager.swift */ = {isa = PBXFileReference; lastKnownFileType = sourcecode.swift; path = NetworkManager.swift; sourceTree = "<group>"; };
		9D74C6882B21D9CA00265520 /* OfferModel.swift */ = {isa = PBXFileReference; lastKnownFileType = sourcecode.swift; path = OfferModel.swift; sourceTree = "<group>"; };
		9D74C68A2B21DA5500265520 /* ListOfferModel.swift */ = {isa = PBXFileReference; lastKnownFileType = sourcecode.swift; path = ListOfferModel.swift; sourceTree = "<group>"; };
		9D74C68C2B21DAA800265520 /* MainOfferModel.swift */ = {isa = PBXFileReference; lastKnownFileType = sourcecode.swift; path = MainOfferModel.swift; sourceTree = "<group>"; };
		9D74C68F2B21E6A400265520 /* CityModel.swift */ = {isa = PBXFileReference; lastKnownFileType = sourcecode.swift; path = CityModel.swift; sourceTree = "<group>"; };
		9D797C9B2B24F61200831240 /* Reachability.swift */ = {isa = PBXFileReference; lastKnownFileType = sourcecode.swift; path = Reachability.swift; sourceTree = "<group>"; };
		9DC381AF2B238D45006CC2E5 /* WindOfferModel.swift */ = {isa = PBXFileReference; lastKnownFileType = sourcecode.swift; path = WindOfferModel.swift; sourceTree = "<group>"; };
		9DC381B12B238E3B006CC2E5 /* WeatherOfferModel.swift */ = {isa = PBXFileReference; lastKnownFileType = sourcecode.swift; path = WeatherOfferModel.swift; sourceTree = "<group>"; };
		9DC381B32B2391BE006CC2E5 /* WeatherIconMapping.swift */ = {isa = PBXFileReference; lastKnownFileType = sourcecode.swift; path = WeatherIconMapping.swift; sourceTree = "<group>"; };
		9DCD888C2B25EC89005A779A /* ShowInternetConnection.swift */ = {isa = PBXFileReference; lastKnownFileType = sourcecode.swift; path = ShowInternetConnection.swift; sourceTree = "<group>"; };
		9DCD88962B260F7A005A779A /* WeatherForLocation.swift */ = {isa = PBXFileReference; lastKnownFileType = sourcecode.swift; path = WeatherForLocation.swift; sourceTree = "<group>"; };
/* End PBXFileReference section */

/* Begin PBXFrameworksBuildPhase section */
		9D74C66A2B21CFA800265520 /* Frameworks */ = {
			isa = PBXFrameworksBuildPhase;
			buildActionMask = 2147483647;
			files = (
				F72AAFDB1410C60611362396 /* Pods_WeatherApp_Test.framework in Frameworks */,
			);
			runOnlyForDeploymentPostprocessing = 0;
		};
/* End PBXFrameworksBuildPhase section */

/* Begin PBXGroup section */
		1ADC288BB1463758831EEC79 /* Pods */ = {
			isa = PBXGroup;
			children = (
				2BC1C9C422DACE35FBC1BB9A /* Pods-WeatherApp_Test.debug.xcconfig */,
				546A34FC16242E8CE1F35CFA /* Pods-WeatherApp_Test.release.xcconfig */,
			);
			path = Pods;
			sourceTree = "<group>";
		};
		759044C74DC3C3E70F6F1EB6 /* Frameworks */ = {
			isa = PBXGroup;
			children = (
				9995943411CD2F1CCDA77CCA /* Pods_WeatherApp_Test.framework */,
			);
			name = Frameworks;
			sourceTree = "<group>";
		};
		9D68D1492B24A32300DEB578 /* CoreData */ = {
			isa = PBXGroup;
			children = (
				9D68D14A2B24A35000DEB578 /* WeatherDataModel.xcdatamodeld */,
				9D68D14D2B24A37A00DEB578 /* WeatherData.swift */,
				9D68D14F2B24A6D800DEB578 /* MyWeather.swift */,
			);
			path = CoreData;
			sourceTree = "<group>";
		};
		9D74C6642B21CFA800265520 = {
			isa = PBXGroup;
			children = (
				9D74C66F2B21CFA800265520 /* WeatherApp_Test */,
				9D74C66E2B21CFA800265520 /* Products */,
				1ADC288BB1463758831EEC79 /* Pods */,
				759044C74DC3C3E70F6F1EB6 /* Frameworks */,
			);
			sourceTree = "<group>";
		};
		9D74C66E2B21CFA800265520 /* Products */ = {
			isa = PBXGroup;
			children = (
				9D74C66D2B21CFA800265520 /* WeatherApp_Test.app */,
			);
			name = Products;
			sourceTree = "<group>";
		};
		9D74C66F2B21CFA800265520 /* WeatherApp_Test */ = {
			isa = PBXGroup;
			children = (
				9DB3A21B2B25D0FE003F3978 /* Application */,
				9DB3A21A2B25D08C003F3978 /* Resources */,
				9D68D1492B24A32300DEB578 /* CoreData */,
				9D74C6872B21D9B800265520 /* OfferModel */,
				9D74C6842B21D84C00265520 /* NetworkManager */,
				9D74C6742B21CFA800265520 /* ViewController.swift */,
				9D6385E82B23815200F8E288 /* SettingTableView.swift */,
				9D6D77802B248786003579BB /* CollectionViewSetting.swift */,
				9DCD888C2B25EC89005A779A /* ShowInternetConnection.swift */,
				9D797C9B2B24F61200831240 /* Reachability.swift */,
				9DC381B32B2391BE006CC2E5 /* WeatherIconMapping.swift */,
				9D74C67E2B21CFAA00265520 /* Info.plist */,
			);
			path = WeatherApp_Test;
			sourceTree = "<group>";
		};
		9D74C6842B21D84C00265520 /* NetworkManager */ = {
			isa = PBXGroup;
			children = (
				9D74C6852B21D86A00265520 /* NetworkManager.swift */,
				9DCD88962B260F7A005A779A /* WeatherForLocation.swift */,
			);
			path = NetworkManager;
			sourceTree = "<group>";
		};
		9D74C6872B21D9B800265520 /* OfferModel */ = {
			isa = PBXGroup;
			children = (
				9D74C6882B21D9CA00265520 /* OfferModel.swift */,
				9D74C68A2B21DA5500265520 /* ListOfferModel.swift */,
				9D74C68C2B21DAA800265520 /* MainOfferModel.swift */,
				9D74C68F2B21E6A400265520 /* CityModel.swift */,
				9DC381AF2B238D45006CC2E5 /* WindOfferModel.swift */,
				9DC381B12B238E3B006CC2E5 /* WeatherOfferModel.swift */,
			);
			path = OfferModel;
			sourceTree = "<group>";
		};
		9DB3A21A2B25D08C003F3978 /* Resources */ = {
			isa = PBXGroup;
			children = (
				9D74C6792B21CFAA00265520 /* Assets.xcassets */,
				9D74C67B2B21CFAA00265520 /* LaunchScreen.storyboard */,
			);
			path = Resources;
			sourceTree = "<group>";
		};
		9DB3A21B2B25D0FE003F3978 /* Application */ = {
			isa = PBXGroup;
			children = (
				9D74C6702B21CFA800265520 /* AppDelegate.swift */,
				9D74C6722B21CFA800265520 /* SceneDelegate.swift */,
			);
			path = Application;
			sourceTree = "<group>";
		};
/* End PBXGroup section */

/* Begin PBXNativeTarget section */
		9D74C66C2B21CFA800265520 /* WeatherApp_Test */ = {
			isa = PBXNativeTarget;
			buildConfigurationList = 9D74C6812B21CFAA00265520 /* Build configuration list for PBXNativeTarget "WeatherApp_Test" */;
			buildPhases = (
				0F807610CCC291C4CC97C015 /* [CP] Check Pods Manifest.lock */,
				9D74C6692B21CFA800265520 /* Sources */,
				9D74C66A2B21CFA800265520 /* Frameworks */,
				9D74C66B2B21CFA800265520 /* Resources */,
				1EBBDACFEE3A79A2C7F79F69 /* [CP] Embed Pods Frameworks */,
			);
			buildRules = (
			);
			dependencies = (
			);
			name = WeatherApp_Test;
			productName = WeatherApp_Test;
			productReference = 9D74C66D2B21CFA800265520 /* WeatherApp_Test.app */;
			productType = "com.apple.product-type.application";
		};
/* End PBXNativeTarget section */

/* Begin PBXProject section */
		9D74C6652B21CFA800265520 /* Project object */ = {
			isa = PBXProject;
			attributes = {
				BuildIndependentTargetsInParallel = 1;
				LastSwiftUpdateCheck = 1420;
				LastUpgradeCheck = 1420;
				TargetAttributes = {
					9D74C66C2B21CFA800265520 = {
						CreatedOnToolsVersion = 14.2;
					};
				};
			};
			buildConfigurationList = 9D74C6682B21CFA800265520 /* Build configuration list for PBXProject "WeatherApp_Test" */;
			compatibilityVersion = "Xcode 14.0";
			developmentRegion = en;
			hasScannedForEncodings = 0;
			knownRegions = (
				en,
				Base,
			);
			mainGroup = 9D74C6642B21CFA800265520;
			productRefGroup = 9D74C66E2B21CFA800265520 /* Products */;
			projectDirPath = "";
			projectRoot = "";
			targets = (
				9D74C66C2B21CFA800265520 /* WeatherApp_Test */,
			);
		};
/* End PBXProject section */

/* Begin PBXResourcesBuildPhase section */
		9D74C66B2B21CFA800265520 /* Resources */ = {
			isa = PBXResourcesBuildPhase;
			buildActionMask = 2147483647;
			files = (
				9D74C67D2B21CFAA00265520 /* LaunchScreen.storyboard in Resources */,
				9D74C67A2B21CFAA00265520 /* Assets.xcassets in Resources */,
			);
			runOnlyForDeploymentPostprocessing = 0;
		};
/* End PBXResourcesBuildPhase section */

/* Begin PBXShellScriptBuildPhase section */
		0F807610CCC291C4CC97C015 /* [CP] Check Pods Manifest.lock */ = {
			isa = PBXShellScriptBuildPhase;
			buildActionMask = 2147483647;
			files = (
			);
			inputFileListPaths = (
			);
			inputPaths = (
				"${PODS_PODFILE_DIR_PATH}/Podfile.lock",
				"${PODS_ROOT}/Manifest.lock",
			);
			name = "[CP] Check Pods Manifest.lock";
			outputFileListPaths = (
			);
			outputPaths = (
				"$(DERIVED_FILE_DIR)/Pods-WeatherApp_Test-checkManifestLockResult.txt",
			);
			runOnlyForDeploymentPostprocessing = 0;
			shellPath = /bin/sh;
			shellScript = "diff \"${PODS_PODFILE_DIR_PATH}/Podfile.lock\" \"${PODS_ROOT}/Manifest.lock\" > /dev/null\nif [ $? != 0 ] ; then\n    # print error to STDERR\n    echo \"error: The sandbox is not in sync with the Podfile.lock. Run 'pod install' or update your CocoaPods installation.\" >&2\n    exit 1\nfi\n# This output is used by Xcode 'outputs' to avoid re-running this script phase.\necho \"SUCCESS\" > \"${SCRIPT_OUTPUT_FILE_0}\"\n";
			showEnvVarsInLog = 0;
		};
		1EBBDACFEE3A79A2C7F79F69 /* [CP] Embed Pods Frameworks */ = {
			isa = PBXShellScriptBuildPhase;
			buildActionMask = 2147483647;
			files = (
			);
			inputFileListPaths = (
				"${PODS_ROOT}/Target Support Files/Pods-WeatherApp_Test/Pods-WeatherApp_Test-frameworks-${CONFIGURATION}-input-files.xcfilelist",
			);
			name = "[CP] Embed Pods Frameworks";
			outputFileListPaths = (
				"${PODS_ROOT}/Target Support Files/Pods-WeatherApp_Test/Pods-WeatherApp_Test-frameworks-${CONFIGURATION}-output-files.xcfilelist",
			);
			runOnlyForDeploymentPostprocessing = 0;
			shellPath = /bin/sh;
			shellScript = "\"${PODS_ROOT}/Target Support Files/Pods-WeatherApp_Test/Pods-WeatherApp_Test-frameworks.sh\"\n";
			showEnvVarsInLog = 0;
		};
/* End PBXShellScriptBuildPhase section */

/* Begin PBXSourcesBuildPhase section */
		9D74C6692B21CFA800265520 /* Sources */ = {
			isa = PBXSourcesBuildPhase;
			buildActionMask = 2147483647;
			files = (
				9DC381B42B2391BE006CC2E5 /* WeatherIconMapping.swift in Sources */,
				9D68D14E2B24A37A00DEB578 /* WeatherData.swift in Sources */,
				9D6385E92B23815200F8E288 /* SettingTableView.swift in Sources */,
				9D74C68B2B21DA5500265520 /* ListOfferModel.swift in Sources */,
				9D6D77812B248786003579BB /* CollectionViewSetting.swift in Sources */,
				9D68D14C2B24A35000DEB578 /* WeatherDataModel.xcdatamodeld in Sources */,
				9D797C9C2B24F61200831240 /* Reachability.swift in Sources */,
				9D74C6862B21D86A00265520 /* NetworkManager.swift in Sources */,
				9D74C6752B21CFA800265520 /* ViewController.swift in Sources */,
				9D74C6892B21D9CA00265520 /* OfferModel.swift in Sources */,
				9D74C6902B21E6A400265520 /* CityModel.swift in Sources */,
				9D74C6712B21CFA800265520 /* AppDelegate.swift in Sources */,
				9D68D1502B24A6D800DEB578 /* MyWeather.swift in Sources */,
				9D74C68D2B21DAA800265520 /* MainOfferModel.swift in Sources */,
				9DCD88972B260F7A005A779A /* WeatherForLocation.swift in Sources */,
				9DC381B22B238E3B006CC2E5 /* WeatherOfferModel.swift in Sources */,
				9DC381B02B238D45006CC2E5 /* WindOfferModel.swift in Sources */,
				9D74C6732B21CFA800265520 /* SceneDelegate.swift in Sources */,
				9DCD888D2B25EC89005A779A /* ShowInternetConnection.swift in Sources */,
			);
			runOnlyForDeploymentPostprocessing = 0;
		};
/* End PBXSourcesBuildPhase section */

/* Begin PBXVariantGroup section */
		9D74C67B2B21CFAA00265520 /* LaunchScreen.storyboard */ = {
			isa = PBXVariantGroup;
			children = (
				9D74C67C2B21CFAA00265520 /* Base */,
			);
			name = LaunchScreen.storyboard;
			sourceTree = "<group>";
		};
/* End PBXVariantGroup section */

/* Begin XCBuildConfiguration section */
		9D74C67F2B21CFAA00265520 /* Debug */ = {
			isa = XCBuildConfiguration;
			buildSettings = {
				ALWAYS_SEARCH_USER_PATHS = NO;
				CLANG_ANALYZER_NONNULL = YES;
				CLANG_ANALYZER_NUMBER_OBJECT_CONVERSION = YES_AGGRESSIVE;
				CLANG_CXX_LANGUAGE_STANDARD = "gnu++20";
				CLANG_ENABLE_MODULES = YES;
				CLANG_ENABLE_OBJC_ARC = YES;
				CLANG_ENABLE_OBJC_WEAK = YES;
				CLANG_WARN_BLOCK_CAPTURE_AUTORELEASING = YES;
				CLANG_WARN_BOOL_CONVERSION = YES;
				CLANG_WARN_COMMA = YES;
				CLANG_WARN_CONSTANT_CONVERSION = YES;
				CLANG_WARN_DEPRECATED_OBJC_IMPLEMENTATIONS = YES;
				CLANG_WARN_DIRECT_OBJC_ISA_USAGE = YES_ERROR;
				CLANG_WARN_DOCUMENTATION_COMMENTS = YES;
				CLANG_WARN_EMPTY_BODY = YES;
				CLANG_WARN_ENUM_CONVERSION = YES;
				CLANG_WARN_INFINITE_RECURSION = YES;
				CLANG_WARN_INT_CONVERSION = YES;
				CLANG_WARN_NON_LITERAL_NULL_CONVERSION = YES;
				CLANG_WARN_OBJC_IMPLICIT_RETAIN_SELF = YES;
				CLANG_WARN_OBJC_LITERAL_CONVERSION = YES;
				CLANG_WARN_OBJC_ROOT_CLASS = YES_ERROR;
				CLANG_WARN_QUOTED_INCLUDE_IN_FRAMEWORK_HEADER = YES;
				CLANG_WARN_RANGE_LOOP_ANALYSIS = YES;
				CLANG_WARN_STRICT_PROTOTYPES = YES;
				CLANG_WARN_SUSPICIOUS_MOVE = YES;
				CLANG_WARN_UNGUARDED_AVAILABILITY = YES_AGGRESSIVE;
				CLANG_WARN_UNREACHABLE_CODE = YES;
				CLANG_WARN__DUPLICATE_METHOD_MATCH = YES;
				COPY_PHASE_STRIP = NO;
				DEBUG_INFORMATION_FORMAT = dwarf;
				ENABLE_STRICT_OBJC_MSGSEND = YES;
				ENABLE_TESTABILITY = YES;
				GCC_C_LANGUAGE_STANDARD = gnu11;
				GCC_DYNAMIC_NO_PIC = NO;
				GCC_NO_COMMON_BLOCKS = YES;
				GCC_OPTIMIZATION_LEVEL = 0;
				GCC_PREPROCESSOR_DEFINITIONS = (
					"DEBUG=1",
					"$(inherited)",
				);
				GCC_WARN_64_TO_32_BIT_CONVERSION = YES;
				GCC_WARN_ABOUT_RETURN_TYPE = YES_ERROR;
				GCC_WARN_UNDECLARED_SELECTOR = YES;
				GCC_WARN_UNINITIALIZED_AUTOS = YES_AGGRESSIVE;
				GCC_WARN_UNUSED_FUNCTION = YES;
				GCC_WARN_UNUSED_VARIABLE = YES;
				IPHONEOS_DEPLOYMENT_TARGET = 16.2;
				MTL_ENABLE_DEBUG_INFO = INCLUDE_SOURCE;
				MTL_FAST_MATH = YES;
				ONLY_ACTIVE_ARCH = YES;
				SDKROOT = iphoneos;
				SWIFT_ACTIVE_COMPILATION_CONDITIONS = DEBUG;
				SWIFT_OPTIMIZATION_LEVEL = "-Onone";
			};
			name = Debug;
		};
		9D74C6802B21CFAA00265520 /* Release */ = {
			isa = XCBuildConfiguration;
			buildSettings = {
				ALWAYS_SEARCH_USER_PATHS = NO;
				CLANG_ANALYZER_NONNULL = YES;
				CLANG_ANALYZER_NUMBER_OBJECT_CONVERSION = YES_AGGRESSIVE;
				CLANG_CXX_LANGUAGE_STANDARD = "gnu++20";
				CLANG_ENABLE_MODULES = YES;
				CLANG_ENABLE_OBJC_ARC = YES;
				CLANG_ENABLE_OBJC_WEAK = YES;
				CLANG_WARN_BLOCK_CAPTURE_AUTORELEASING = YES;
				CLANG_WARN_BOOL_CONVERSION = YES;
				CLANG_WARN_COMMA = YES;
				CLANG_WARN_CONSTANT_CONVERSION = YES;
				CLANG_WARN_DEPRECATED_OBJC_IMPLEMENTATIONS = YES;
				CLANG_WARN_DIRECT_OBJC_ISA_USAGE = YES_ERROR;
				CLANG_WARN_DOCUMENTATION_COMMENTS = YES;
				CLANG_WARN_EMPTY_BODY = YES;
				CLANG_WARN_ENUM_CONVERSION = YES;
				CLANG_WARN_INFINITE_RECURSION = YES;
				CLANG_WARN_INT_CONVERSION = YES;
				CLANG_WARN_NON_LITERAL_NULL_CONVERSION = YES;
				CLANG_WARN_OBJC_IMPLICIT_RETAIN_SELF = YES;
				CLANG_WARN_OBJC_LITERAL_CONVERSION = YES;
				CLANG_WARN_OBJC_ROOT_CLASS = YES_ERROR;
				CLANG_WARN_QUOTED_INCLUDE_IN_FRAMEWORK_HEADER = YES;
				CLANG_WARN_RANGE_LOOP_ANALYSIS = YES;
				CLANG_WARN_STRICT_PROTOTYPES = YES;
				CLANG_WARN_SUSPICIOUS_MOVE = YES;
				CLANG_WARN_UNGUARDED_AVAILABILITY = YES_AGGRESSIVE;
				CLANG_WARN_UNREACHABLE_CODE = YES;
				CLANG_WARN__DUPLICATE_METHOD_MATCH = YES;
				COPY_PHASE_STRIP = NO;
				DEBUG_INFORMATION_FORMAT = "dwarf-with-dsym";
				ENABLE_NS_ASSERTIONS = NO;
				ENABLE_STRICT_OBJC_MSGSEND = YES;
				GCC_C_LANGUAGE_STANDARD = gnu11;
				GCC_NO_COMMON_BLOCKS = YES;
				GCC_WARN_64_TO_32_BIT_CONVERSION = YES;
				GCC_WARN_ABOUT_RETURN_TYPE = YES_ERROR;
				GCC_WARN_UNDECLARED_SELECTOR = YES;
				GCC_WARN_UNINITIALIZED_AUTOS = YES_AGGRESSIVE;
				GCC_WARN_UNUSED_FUNCTION = YES;
				GCC_WARN_UNUSED_VARIABLE = YES;
				IPHONEOS_DEPLOYMENT_TARGET = 16.2;
				MTL_ENABLE_DEBUG_INFO = NO;
				MTL_FAST_MATH = YES;
				SDKROOT = iphoneos;
				SWIFT_COMPILATION_MODE = wholemodule;
				SWIFT_OPTIMIZATION_LEVEL = "-O";
				VALIDATE_PRODUCT = YES;
			};
			name = Release;
		};
		9D74C6822B21CFAA00265520 /* Debug */ = {
			isa = XCBuildConfiguration;
			baseConfigurationReference = 2BC1C9C422DACE35FBC1BB9A /* Pods-WeatherApp_Test.debug.xcconfig */;
			buildSettings = {
				ASSETCATALOG_COMPILER_APPICON_NAME = AppIcon;
				ASSETCATALOG_COMPILER_GLOBAL_ACCENT_COLOR_NAME = AccentColor;
				CODE_SIGN_STYLE = Automatic;
				CURRENT_PROJECT_VERSION = 1;
				DEVELOPMENT_TEAM = B5GYW8VT22;
				GENERATE_INFOPLIST_FILE = YES;
				INFOPLIST_FILE = WeatherApp_Test/Info.plist;
				INFOPLIST_KEY_UIApplicationSupportsIndirectInputEvents = YES;
				INFOPLIST_KEY_UILaunchStoryboardName = LaunchScreen;
				INFOPLIST_KEY_UISupportedInterfaceOrientations_iPad = "UIInterfaceOrientationPortrait UIInterfaceOrientationPortraitUpsideDown UIInterfaceOrientationLandscapeLeft UIInterfaceOrientationLandscapeRight";
				INFOPLIST_KEY_UISupportedInterfaceOrientations_iPhone = "UIInterfaceOrientationPortrait UIInterfaceOrientationLandscapeLeft UIInterfaceOrientationLandscapeRight";
				IPHONEOS_DEPLOYMENT_TARGET = 15.6;
				LD_RUNPATH_SEARCH_PATHS = (
					"$(inherited)",
					"@executable_path/Frameworks",
				);
				MARKETING_VERSION = 1.0;
				PRODUCT_BUNDLE_IDENTIFIER = "Nepena.WeatherApp-Test";
				PRODUCT_NAME = "$(TARGET_NAME)";
				SWIFT_EMIT_LOC_STRINGS = YES;
				SWIFT_VERSION = 5.0;
				TARGETED_DEVICE_FAMILY = "1,2";
			};
			name = Debug;
		};
		9D74C6832B21CFAA00265520 /* Release */ = {
			isa = XCBuildConfiguration;
			baseConfigurationReference = 546A34FC16242E8CE1F35CFA /* Pods-WeatherApp_Test.release.xcconfig */;
			buildSettings = {
				ASSETCATALOG_COMPILER_APPICON_NAME = AppIcon;
				ASSETCATALOG_COMPILER_GLOBAL_ACCENT_COLOR_NAME = AccentColor;
				CODE_SIGN_STYLE = Automatic;
				CURRENT_PROJECT_VERSION = 1;
				DEVELOPMENT_TEAM = B5GYW8VT22;
				GENERATE_INFOPLIST_FILE = YES;
				INFOPLIST_FILE = WeatherApp_Test/Info.plist;
				INFOPLIST_KEY_UIApplicationSupportsIndirectInputEvents = YES;
				INFOPLIST_KEY_UILaunchStoryboardName = LaunchScreen;
				INFOPLIST_KEY_UISupportedInterfaceOrientations_iPad = "UIInterfaceOrientationPortrait UIInterfaceOrientationPortraitUpsideDown UIInterfaceOrientationLandscapeLeft UIInterfaceOrientationLandscapeRight";
				INFOPLIST_KEY_UISupportedInterfaceOrientations_iPhone = "UIInterfaceOrientationPortrait UIInterfaceOrientationLandscapeLeft UIInterfaceOrientationLandscapeRight";
				IPHONEOS_DEPLOYMENT_TARGET = 15.6;
				LD_RUNPATH_SEARCH_PATHS = (
					"$(inherited)",
					"@executable_path/Frameworks",
				);
				MARKETING_VERSION = 1.0;
				PRODUCT_BUNDLE_IDENTIFIER = "Nepena.WeatherApp-Test";
				PRODUCT_NAME = "$(TARGET_NAME)";
				SWIFT_EMIT_LOC_STRINGS = YES;
				SWIFT_VERSION = 5.0;
				TARGETED_DEVICE_FAMILY = "1,2";
			};
			name = Release;
		};
/* End XCBuildConfiguration section */

/* Begin XCConfigurationList section */
		9D74C6682B21CFA800265520 /* Build configuration list for PBXProject "WeatherApp_Test" */ = {
			isa = XCConfigurationList;
			buildConfigurations = (
				9D74C67F2B21CFAA00265520 /* Debug */,
				9D74C6802B21CFAA00265520 /* Release */,
			);
			defaultConfigurationIsVisible = 0;
			defaultConfigurationName = Release;
		};
		9D74C6812B21CFAA00265520 /* Build configuration list for PBXNativeTarget "WeatherApp_Test" */ = {
			isa = XCConfigurationList;
			buildConfigurations = (
				9D74C6822B21CFAA00265520 /* Debug */,
				9D74C6832B21CFAA00265520 /* Release */,
			);
			defaultConfigurationIsVisible = 0;
			defaultConfigurationName = Release;
		};
/* End XCConfigurationList section */

/* Begin XCVersionGroup section */
		9D68D14A2B24A35000DEB578 /* WeatherDataModel.xcdatamodeld */ = {
			isa = XCVersionGroup;
			children = (
				9D68D14B2B24A35000DEB578 /* WeatherDataModel.xcdatamodel */,
			);
			currentVersion = 9D68D14B2B24A35000DEB578 /* WeatherDataModel.xcdatamodel */;
			path = WeatherDataModel.xcdatamodeld;
			sourceTree = "<group>";
			versionGroupType = wrapper.xcdatamodel;
		};
/* End XCVersionGroup section */
	};
	rootObject = 9D74C6652B21CFA800265520 /* Project object */;
}
